
Microsoft Visual Studio Solution File, Format Version 12.00
# Visual Studio Version 17
VisualStudioVersion = 17.4.33205.214
MinimumVisualStudioVersion = 10.0.40219.1
Project("{9A19103F-16F7-4668-BE54-9A1E7A4F7556}") = "Home Work", "Home Work.csproj", "{09273605-1FE2-459B-BABA-4AACC9873E8B}"
EndProject
Global
	GlobalSection(SolutionConfigurationPlatforms) = preSolution
		Debug|Any CPU = Debug|Any CPU
		Release|Any CPU = Release|Any CPU
	EndGlobalSection
	GlobalSection(ProjectConfigurationPlatforms) = postSolution
		{09273605-1FE2-459B-BABA-4AACC9873E8B}.Debug|Any CPU.ActiveCfg = Debug|Any CPU
		{09273605-1FE2-459B-BABA-4AACC9873E8B}.Debug|Any CPU.Build.0 = Debug|Any CPU
		{09273605-1FE2-459B-BABA-4AACC9873E8B}.Release|Any CPU.ActiveCfg = Release|Any CPU
		{09273605-1FE2-459B-BABA-4AACC9873E8B}.Release|Any CPU.Build.0 = Release|Any CPU
	EndGlobalSection
	GlobalSection(SolutionProperties) = preSolution
		HideSolutionNode = FALSE
	EndGlobalSection
	GlobalSection(ExtensibilityGlobals) = postSolution
		SolutionGuid = {10E2E5A7-5FDA-4BF0-AA5E-91463748D3F7}
	EndGlobalSection
EndGlobal
